
Microsoft Visual Studio Solution File, Format Version 12.00
# Visual Studio Version 16
VisualStudioVersion = 16.0.29306.81
MinimumVisualStudioVersion = 10.0.40219.1
Project("{FAE04EC0-301F-11D3-BF4B-00C04F79EFBC}") = "SQLLibrary", "SQLLibrary\SQLLibrary.csproj", "{1A0784E0-7E06-4CB4-A78D-3545B9ADA56E}"
EndProject
Project("{FAE04EC0-301F-11D3-BF4B-00C04F79EFBC}") = "TestConsoleApp", "TestConsoleApp\TestConsoleApp.csproj", "{5937AA0C-CFD5-4514-924D-C0DA4E45091C}"
EndProject
Global
	GlobalSection(SolutionConfigurationPlatforms) = preSolution
		Debug|Any CPU = Debug|Any CPU
		Release|Any CPU = Release|Any CPU
	EndGlobalSection
	GlobalSection(ProjectConfigurationPlatforms) = postSolution
		{1A0784E0-7E06-4CB4-A78D-3545B9ADA56E}.Debug|Any CPU.ActiveCfg = Debug|Any CPU
		{1A0784E0-7E06-4CB4-A78D-3545B9ADA56E}.Debug|Any CPU.Build.0 = Debug|Any CPU
		{1A0784E0-7E06-4CB4-A78D-3545B9ADA56E}.Release|Any CPU.ActiveCfg = Release|Any CPU
		{1A0784E0-7E06-4CB4-A78D-3545B9ADA56E}.Release|Any CPU.Build.0 = Release|Any CPU
		{5937AA0C-CFD5-4514-924D-C0DA4E45091C}.Debug|Any CPU.ActiveCfg = Debug|Any CPU
		{5937AA0C-CFD5-4514-924D-C0DA4E45091C}.Debug|Any CPU.Build.0 = Debug|Any CPU
		{5937AA0C-CFD5-4514-924D-C0DA4E45091C}.Release|Any CPU.ActiveCfg = Release|Any CPU
		{5937AA0C-CFD5-4514-924D-C0DA4E45091C}.Release|Any CPU.Build.0 = Release|Any CPU
	EndGlobalSection
	GlobalSection(SolutionProperties) = preSolution
		HideSolutionNode = FALSE
	EndGlobalSection
	GlobalSection(ExtensibilityGlobals) = postSolution
		SolutionGuid = {7C2009A2-4C04-4654-9072-AEDB5CF35091}
	EndGlobalSection
EndGlobal
