
Microsoft Visual Studio Solution File, Format Version 12.00
# Visual Studio Version 16
VisualStudioVersion = 16.0.29306.81
MinimumVisualStudioVersion = 10.0.40219.1
Project("{FAE04EC0-301F-11D3-BF4B-00C04F79EFBC}") = "RemoveNS", "RemoveNS\RemoveNS.csproj", "{C812F3DD-A2FB-4C72-9F33-535F37A3D94A}"
EndProject
Global
	GlobalSection(SolutionConfigurationPlatforms) = preSolution
		Debug|Any CPU = Debug|Any CPU
		Release|Any CPU = Release|Any CPU
	EndGlobalSection
	GlobalSection(ProjectConfigurationPlatforms) = postSolution
		{C812F3DD-A2FB-4C72-9F33-535F37A3D94A}.Debug|Any CPU.ActiveCfg = Debug|Any CPU
		{C812F3DD-A2FB-4C72-9F33-535F37A3D94A}.Debug|Any CPU.Build.0 = Debug|Any CPU
		{C812F3DD-A2FB-4C72-9F33-535F37A3D94A}.Release|Any CPU.ActiveCfg = Release|Any CPU
		{C812F3DD-A2FB-4C72-9F33-535F37A3D94A}.Release|Any CPU.Build.0 = Release|Any CPU
	EndGlobalSection
	GlobalSection(SolutionProperties) = preSolution
		HideSolutionNode = FALSE
	EndGlobalSection
	GlobalSection(ExtensibilityGlobals) = postSolution
		SolutionGuid = {222BA7E5-9392-4938-94D1-A8487035FD36}
	EndGlobalSection
EndGlobal
